
Microsoft Visual Studio Solution File, Format Version 12.00
# Visual Studio Version 17
VisualStudioVersion = 17.3.32929.385
MinimumVisualStudioVersion = 10.0.40219.1
Project("{9A19103F-16F7-4668-BE54-9A1E7A4F7556}") = "ConfigTestConsoleApp", "ConfigTestConsoleApp\ConfigTestConsoleApp.csproj", "{C242AB09-6628-4458-B54B-26A4D1BC5FCE}"
EndProject
Global
	GlobalSection(SolutionConfigurationPlatforms) = preSolution
		Debug|Any CPU = Debug|Any CPU
		Release|Any CPU = Release|Any CPU
	EndGlobalSection
	GlobalSection(ProjectConfigurationPlatforms) = postSolution
		{C242AB09-6628-4458-B54B-26A4D1BC5FCE}.Debug|Any CPU.ActiveCfg = Debug|Any CPU
		{C242AB09-6628-4458-B54B-26A4D1BC5FCE}.Debug|Any CPU.Build.0 = Debug|Any CPU
		{C242AB09-6628-4458-B54B-26A4D1BC5FCE}.Release|Any CPU.ActiveCfg = Release|Any CPU
		{C242AB09-6628-4458-B54B-26A4D1BC5FCE}.Release|Any CPU.Build.0 = Release|Any CPU
	EndGlobalSection
	GlobalSection(SolutionProperties) = preSolution
		HideSolutionNode = FALSE
	EndGlobalSection
	GlobalSection(ExtensibilityGlobals) = postSolution
		SolutionGuid = {571F1194-7328-4953-9F3A-D573F5F35898}
	EndGlobalSection
EndGlobal
